// !$*UTF8*$!
{
	archiveVersion = 1;
	classes = {
	};
	objectVersion = 52;
	objects = {

/* Begin PBXBuildFile section */
		651112EB266E1CFD00C7AB2F /* CDQuestion+CoreDataProperties.swift in Sources */ = {isa = PBXBuildFile; fileRef = 651112E7266E1CFC00C7AB2F /* CDQuestion+CoreDataProperties.swift */; };
		651112EC266E1CFD00C7AB2F /* CDQuiz+CoreDataClass.swift in Sources */ = {isa = PBXBuildFile; fileRef = 651112E8266E1CFC00C7AB2F /* CDQuiz+CoreDataClass.swift */; };
		651112ED266E1CFD00C7AB2F /* CDQuiz+CoreDataProperties.swift in Sources */ = {isa = PBXBuildFile; fileRef = 651112E9266E1CFC00C7AB2F /* CDQuiz+CoreDataProperties.swift */; };
		651112EE266E1CFD00C7AB2F /* CDQuestion+CoreDataClass.swift in Sources */ = {isa = PBXBuildFile; fileRef = 651112EA266E1CFC00C7AB2F /* CDQuestion+CoreDataClass.swift */; };
		651112F0266E1D6F00C7AB2F /* QuizzesViewPresenter.swift in Sources */ = {isa = PBXBuildFile; fileRef = 651112EF266E1D6F00C7AB2F /* QuizzesViewPresenter.swift */; };
		6516736126273787004B5D3F /* LoginViewController.swift in Sources */ = {isa = PBXBuildFile; fileRef = 6516736026273787004B5D3F /* LoginViewController.swift */; };
		6516736E26273961004B5D3F /* LoginStatus.swift in Sources */ = {isa = PBXBuildFile; fileRef = 6516736B26273960004B5D3F /* LoginStatus.swift */; };
		6516736F26273961004B5D3F /* Quiz.swift in Sources */ = {isa = PBXBuildFile; fileRef = 6516736A26273960004B5D3F /* Quiz.swift */; };
		6516737026273961004B5D3F /* Question.swift in Sources */ = {isa = PBXBuildFile; fileRef = 6516736C26273961004B5D3F /* Question.swift */; };
		6516737126273961004B5D3F /* QuizCategory.swift in Sources */ = {isa = PBXBuildFile; fileRef = 6516736D26273961004B5D3F /* QuizCategory.swift */; };
		6516737726276E6B004B5D3F /* QuizzesViewController.swift in Sources */ = {isa = PBXBuildFile; fileRef = 6516737626276E6A004B5D3F /* QuizzesViewController.swift */; };
		652004E126642E53002C7CA7 /* CoreDataStack.swift in Sources */ = {isa = PBXBuildFile; fileRef = 652004E026642E53002C7CA7 /* CoreDataStack.swift */; };
		652004E626643248002C7CA7 /* QuizDataRepository.swift in Sources */ = {isa = PBXBuildFile; fileRef = 652004E526643248002C7CA7 /* QuizDataRepository.swift */; };
		652004E82664325D002C7CA7 /* QuizRepositoryProtocol.swift in Sources */ = {isa = PBXBuildFile; fileRef = 652004E72664325D002C7CA7 /* QuizRepositoryProtocol.swift */; };
		652004EF26650A8A002C7CA7 /* QuizCoreDataSource.swift in Sources */ = {isa = PBXBuildFile; fileRef = 652004EE26650A8A002C7CA7 /* QuizCoreDataSource.swift */; };
		652004F126650AB5002C7CA7 /* QuizCoreDataSourceProtocol.swift in Sources */ = {isa = PBXBuildFile; fileRef = 652004F026650AB5002C7CA7 /* QuizCoreDataSourceProtocol.swift */; };
		652004F326650B14002C7CA7 /* NetworkDataSource.swift in Sources */ = {isa = PBXBuildFile; fileRef = 652004F226650B14002C7CA7 /* NetworkDataSource.swift */; };
		652004F526650B21002C7CA7 /* NetworkDataSourceProtocol.swift in Sources */ = {isa = PBXBuildFile; fileRef = 652004F426650B21002C7CA7 /* NetworkDataSourceProtocol.swift */; };
		652004FA26659682002C7CA7 /* SearchViewController.swift in Sources */ = {isa = PBXBuildFile; fileRef = 652004F926659681002C7CA7 /* SearchViewController.swift */; };
		652004FC266596AB002C7CA7 /* SearchViewController+Design.swift in Sources */ = {isa = PBXBuildFile; fileRef = 652004FB266596AB002C7CA7 /* SearchViewController+Design.swift */; };
		652004FE2665978F002C7CA7 /* SearchViewPresenter.swift in Sources */ = {isa = PBXBuildFile; fileRef = 652004FD2665978F002C7CA7 /* SearchViewPresenter.swift */; };
		652005002665B248002C7CA7 /* SearchViewProtocol.swift in Sources */ = {isa = PBXBuildFile; fileRef = 652004FF2665B247002C7CA7 /* SearchViewProtocol.swift */; };
		6538D3282630C19500C51F6A /* TableViewCell.swift in Sources */ = {isa = PBXBuildFile; fileRef = 6538D3272630C19500C51F6A /* TableViewCell.swift */; };
		6538D357263199D000C51F6A /* PopUp.swift in Sources */ = {isa = PBXBuildFile; fileRef = 6538D356263199D000C51F6A /* PopUp.swift */; };
		6539829626501F51005392BB /* NetworkService.swift in Sources */ = {isa = PBXBuildFile; fileRef = 6539829526501F51005392BB /* NetworkService.swift */; };
		653C2EE826622CDA008FB187 /* LoginViewController+Design.swift in Sources */ = {isa = PBXBuildFile; fileRef = 653C2EE726622CDA008FB187 /* LoginViewController+Design.swift */; };
		653C2EEB266230D7008FB187 /* QuizzesViewController+Design.swift in Sources */ = {isa = PBXBuildFile; fileRef = 653C2EEA266230D7008FB187 /* QuizzesViewController+Design.swift */; };
		653C2EED266254D7008FB187 /* TableViewCell+Design.swift in Sources */ = {isa = PBXBuildFile; fileRef = 653C2EEC266254D7008FB187 /* TableViewCell+Design.swift */; };
		653C2EF0266257F1008FB187 /* SettingsView+Design.swift in Sources */ = {isa = PBXBuildFile; fileRef = 653C2EEF266257F1008FB187 /* SettingsView+Design.swift */; };
		653C2EF3266258AC008FB187 /* LeaderboardView+Design.swift in Sources */ = {isa = PBXBuildFile; fileRef = 653C2EF2266258AC008FB187 /* LeaderboardView+Design.swift */; };
		653C2EF526625CBB008FB187 /* LeaderboardCell+Design.swift in Sources */ = {isa = PBXBuildFile; fileRef = 653C2EF426625CBB008FB187 /* LeaderboardCell+Design.swift */; };
		653C2EF7266262B7008FB187 /* LeaderboardHeaderView.swift in Sources */ = {isa = PBXBuildFile; fileRef = 653C2EF6266262B7008FB187 /* LeaderboardHeaderView.swift */; };
		653C2EFB266271BF008FB187 /* QuizResultViewController+Design.swift in Sources */ = {isa = PBXBuildFile; fileRef = 653C2EFA266271BF008FB187 /* QuizResultViewController+Design.swift */; };
		653C2EFE26627561008FB187 /* LeaderboardProtocol.swift in Sources */ = {isa = PBXBuildFile; fileRef = 653C2EFD26627561008FB187 /* LeaderboardProtocol.swift */; };
		6549BD752651634D00B0A1F4 /* LeaderboardViewController.swift in Sources */ = {isa = PBXBuildFile; fileRef = 6549BD742651634D00B0A1F4 /* LeaderboardViewController.swift */; };
		6549BD792651741600B0A1F4 /* LeaderboardCell.swift in Sources */ = {isa = PBXBuildFile; fileRef = 6549BD782651741600B0A1F4 /* LeaderboardCell.swift */; };
		6549BD7C2651837500B0A1F4 /* LeaderboardResult.swift in Sources */ = {isa = PBXBuildFile; fileRef = 6549BD7B2651837500B0A1F4 /* LeaderboardResult.swift */; };
		6549BD7F265183CD00B0A1F4 /* LeaderboardPresenter.swift in Sources */ = {isa = PBXBuildFile; fileRef = 6549BD7E265183CD00B0A1F4 /* LeaderboardPresenter.swift */; };
		656729B426503E2C007414A8 /* NetworkingProtocol.swift in Sources */ = {isa = PBXBuildFile; fileRef = 656729B326503E2C007414A8 /* NetworkingProtocol.swift */; };
		656729B726503E9F007414A8 /* RequestError.swift in Sources */ = {isa = PBXBuildFile; fileRef = 656729B626503E9F007414A8 /* RequestError.swift */; };
		656729BB265040FE007414A8 /* LoginResponse.swift in Sources */ = {isa = PBXBuildFile; fileRef = 656729BA265040FE007414A8 /* LoginResponse.swift */; };
		656729BE2650448A007414A8 /* Result.swift in Sources */ = {isa = PBXBuildFile; fileRef = 656729BD2650448A007414A8 /* Result.swift */; };
		656729C126505284007414A8 /* QuizResponse.swift in Sources */ = {isa = PBXBuildFile; fileRef = 656729C026505284007414A8 /* QuizResponse.swift */; };
		658A3EB62650686A00270041 /* LoginViewPresenter.swift in Sources */ = {isa = PBXBuildFile; fileRef = 658A3EB52650686A00270041 /* LoginViewPresenter.swift */; };
		658A3EC12650704900270041 /* LoginViewProtocol.swift in Sources */ = {isa = PBXBuildFile; fileRef = 658A3EC02650704900270041 /* LoginViewProtocol.swift */; };
		658A3EC82650F64D00270041 /* QuizzesViewProtocol.swift in Sources */ = {isa = PBXBuildFile; fileRef = 658A3EC72650F64D00270041 /* QuizzesViewProtocol.swift */; };
		659872252625DA9400875B55 /* AppDelegate.swift in Sources */ = {isa = PBXBuildFile; fileRef = 659872242625DA9400875B55 /* AppDelegate.swift */; };
		659872272625DA9400875B55 /* SceneDelegate.swift in Sources */ = {isa = PBXBuildFile; fileRef = 659872262625DA9400875B55 /* SceneDelegate.swift */; };
		6598722E2625DA9600875B55 /* Assets.xcassets in Resources */ = {isa = PBXBuildFile; fileRef = 6598722D2625DA9600875B55 /* Assets.xcassets */; };
		659872312625DA9600875B55 /* LaunchScreen.storyboard in Resources */ = {isa = PBXBuildFile; fileRef = 6598722F2625DA9600875B55 /* LaunchScreen.storyboard */; };
		65A5424526511DFA00081CCC /* SystemConfiguration.framework in Frameworks */ = {isa = PBXBuildFile; fileRef = 65A5424426511DFA00081CCC /* SystemConfiguration.framework */; };
		65A542492651201E00081CCC /* Reachability in Frameworks */ = {isa = PBXBuildFile; productRef = 65A542482651201E00081CCC /* Reachability */; };
		65A5424D26513CE900081CCC /* QuizViewPresenter.swift in Sources */ = {isa = PBXBuildFile; fileRef = 65A5424C26513CE900081CCC /* QuizViewPresenter.swift */; };
		65A5425626513DFB00081CCC /* QuizViewProtocol.swift in Sources */ = {isa = PBXBuildFile; fileRef = 65A5425526513DFB00081CCC /* QuizViewProtocol.swift */; };
		65A54259265140C000081CCC /* TimePostError.swift in Sources */ = {isa = PBXBuildFile; fileRef = 65A54258265140C000081CCC /* TimePostError.swift */; };
		65CC9BB4264457BF00BDE095 /* QuizViewController.swift in Sources */ = {isa = PBXBuildFile; fileRef = 65CC9BB3264457BF00BDE095 /* QuizViewController.swift */; };
		65CC9BB726455B1600BDE095 /* QuizResultViewController.swift in Sources */ = {isa = PBXBuildFile; fileRef = 65CC9BB626455B1600BDE095 /* QuizResultViewController.swift */; };
		65CC9BBA2645669400BDE095 /* SettingsViewController.swift in Sources */ = {isa = PBXBuildFile; fileRef = 65CC9BB92645669400BDE095 /* SettingsViewController.swift */; };
		65CC9BBE2645D0CA00BDE095 /* AppRouter.swift in Sources */ = {isa = PBXBuildFile; fileRef = 65CC9BBD2645D0CA00BDE095 /* AppRouter.swift */; };
		65CC9BC12645D0ED00BDE095 /* AppRouterProtocol.swift in Sources */ = {isa = PBXBuildFile; fileRef = 65CC9BC02645D0ED00BDE095 /* AppRouterProtocol.swift */; };
		65F35AC32663F46C00F7EBBB /* Quiz+CD.swift in Sources */ = {isa = PBXBuildFile; fileRef = 65F35AC22663F46C00F7EBBB /* Quiz+CD.swift */; };
		65F35AC52663F60000F7EBBB /* Question+CD.swift in Sources */ = {isa = PBXBuildFile; fileRef = 65F35AC42663F60000F7EBBB /* Question+CD.swift */; };
		65F35AC82663F8F100F7EBBB /* QuizAppModel.xcdatamodeld in Sources */ = {isa = PBXBuildFile; fileRef = 65F35AC62663F8F100F7EBBB /* QuizAppModel.xcdatamodeld */; };
		EBFEF0ED2C13D8EC5F87A863 /* Pods_QuizApp.framework in Frameworks */ = {isa = PBXBuildFile; fileRef = 08BD60EFD01E332E8880E3AB /* Pods_QuizApp.framework */; };
/* End PBXBuildFile section */

/* Begin PBXFileReference section */
		08BD60EFD01E332E8880E3AB /* Pods_QuizApp.framework */ = {isa = PBXFileReference; explicitFileType = wrapper.framework; includeInIndex = 0; path = Pods_QuizApp.framework; sourceTree = BUILT_PRODUCTS_DIR; };
		651112E7266E1CFC00C7AB2F /* CDQuestion+CoreDataProperties.swift */ = {isa = PBXFileReference; fileEncoding = 4; lastKnownFileType = sourcecode.swift; path = "CDQuestion+CoreDataProperties.swift"; sourceTree = "<group>"; };
		651112E8266E1CFC00C7AB2F /* CDQuiz+CoreDataClass.swift */ = {isa = PBXFileReference; fileEncoding = 4; lastKnownFileType = sourcecode.swift; path = "CDQuiz+CoreDataClass.swift"; sourceTree = "<group>"; };
		651112E9266E1CFC00C7AB2F /* CDQuiz+CoreDataProperties.swift */ = {isa = PBXFileReference; fileEncoding = 4; lastKnownFileType = sourcecode.swift; path = "CDQuiz+CoreDataProperties.swift"; sourceTree = "<group>"; };
		651112EA266E1CFC00C7AB2F /* CDQuestion+CoreDataClass.swift */ = {isa = PBXFileReference; fileEncoding = 4; lastKnownFileType = sourcecode.swift; path = "CDQuestion+CoreDataClass.swift"; sourceTree = "<group>"; };
		651112EF266E1D6F00C7AB2F /* QuizzesViewPresenter.swift */ = {isa = PBXFileReference; fileEncoding = 4; lastKnownFileType = sourcecode.swift; path = QuizzesViewPresenter.swift; sourceTree = "<group>"; };
		6516736026273787004B5D3F /* LoginViewController.swift */ = {isa = PBXFileReference; lastKnownFileType = sourcecode.swift; path = LoginViewController.swift; sourceTree = "<group>"; };
		6516736A26273960004B5D3F /* Quiz.swift */ = {isa = PBXFileReference; lastKnownFileType = sourcecode.swift; path = Quiz.swift; sourceTree = "<group>"; };
		6516736B26273960004B5D3F /* LoginStatus.swift */ = {isa = PBXFileReference; lastKnownFileType = sourcecode.swift; path = LoginStatus.swift; sourceTree = "<group>"; };
		6516736C26273961004B5D3F /* Question.swift */ = {isa = PBXFileReference; lastKnownFileType = sourcecode.swift; path = Question.swift; sourceTree = "<group>"; };
		6516736D26273961004B5D3F /* QuizCategory.swift */ = {isa = PBXFileReference; lastKnownFileType = sourcecode.swift; path = QuizCategory.swift; sourceTree = "<group>"; };
		6516737626276E6A004B5D3F /* QuizzesViewController.swift */ = {isa = PBXFileReference; lastKnownFileType = sourcecode.swift; path = QuizzesViewController.swift; sourceTree = "<group>"; };
		652004E026642E53002C7CA7 /* CoreDataStack.swift */ = {isa = PBXFileReference; lastKnownFileType = sourcecode.swift; path = CoreDataStack.swift; sourceTree = "<group>"; };
		652004E526643248002C7CA7 /* QuizDataRepository.swift */ = {isa = PBXFileReference; lastKnownFileType = sourcecode.swift; path = QuizDataRepository.swift; sourceTree = "<group>"; };
		652004E72664325D002C7CA7 /* QuizRepositoryProtocol.swift */ = {isa = PBXFileReference; lastKnownFileType = sourcecode.swift; path = QuizRepositoryProtocol.swift; sourceTree = "<group>"; };
		652004EE26650A8A002C7CA7 /* QuizCoreDataSource.swift */ = {isa = PBXFileReference; lastKnownFileType = sourcecode.swift; path = QuizCoreDataSource.swift; sourceTree = "<group>"; };
		652004F026650AB5002C7CA7 /* QuizCoreDataSourceProtocol.swift */ = {isa = PBXFileReference; lastKnownFileType = sourcecode.swift; path = QuizCoreDataSourceProtocol.swift; sourceTree = "<group>"; };
		652004F226650B14002C7CA7 /* NetworkDataSource.swift */ = {isa = PBXFileReference; lastKnownFileType = sourcecode.swift; path = NetworkDataSource.swift; sourceTree = "<group>"; };
		652004F426650B21002C7CA7 /* NetworkDataSourceProtocol.swift */ = {isa = PBXFileReference; lastKnownFileType = sourcecode.swift; path = NetworkDataSourceProtocol.swift; sourceTree = "<group>"; };
		652004F72665597E002C7CA7 /* QuizAppModel 2.xcdatamodel */ = {isa = PBXFileReference; lastKnownFileType = wrapper.xcdatamodel; path = "QuizAppModel 2.xcdatamodel"; sourceTree = "<group>"; };
		652004F926659681002C7CA7 /* SearchViewController.swift */ = {isa = PBXFileReference; lastKnownFileType = sourcecode.swift; path = SearchViewController.swift; sourceTree = "<group>"; };
		652004FB266596AB002C7CA7 /* SearchViewController+Design.swift */ = {isa = PBXFileReference; lastKnownFileType = sourcecode.swift; path = "SearchViewController+Design.swift"; sourceTree = "<group>"; };
		652004FD2665978F002C7CA7 /* SearchViewPresenter.swift */ = {isa = PBXFileReference; lastKnownFileType = sourcecode.swift; path = SearchViewPresenter.swift; sourceTree = "<group>"; };
		652004FF2665B247002C7CA7 /* SearchViewProtocol.swift */ = {isa = PBXFileReference; lastKnownFileType = sourcecode.swift; path = SearchViewProtocol.swift; sourceTree = "<group>"; };
		6538D3272630C19500C51F6A /* TableViewCell.swift */ = {isa = PBXFileReference; lastKnownFileType = sourcecode.swift; path = TableViewCell.swift; sourceTree = "<group>"; };
		6538D356263199D000C51F6A /* PopUp.swift */ = {isa = PBXFileReference; lastKnownFileType = sourcecode.swift; path = PopUp.swift; sourceTree = "<group>"; };
		6539829526501F51005392BB /* NetworkService.swift */ = {isa = PBXFileReference; lastKnownFileType = sourcecode.swift; path = NetworkService.swift; sourceTree = "<group>"; };
		653C2EE726622CDA008FB187 /* LoginViewController+Design.swift */ = {isa = PBXFileReference; lastKnownFileType = sourcecode.swift; path = "LoginViewController+Design.swift"; sourceTree = "<group>"; };
		653C2EEA266230D7008FB187 /* QuizzesViewController+Design.swift */ = {isa = PBXFileReference; lastKnownFileType = sourcecode.swift; path = "QuizzesViewController+Design.swift"; sourceTree = "<group>"; };
		653C2EEC266254D7008FB187 /* TableViewCell+Design.swift */ = {isa = PBXFileReference; lastKnownFileType = sourcecode.swift; path = "TableViewCell+Design.swift"; sourceTree = "<group>"; };
		653C2EEF266257F1008FB187 /* SettingsView+Design.swift */ = {isa = PBXFileReference; lastKnownFileType = sourcecode.swift; path = "SettingsView+Design.swift"; sourceTree = "<group>"; };
		653C2EF2266258AC008FB187 /* LeaderboardView+Design.swift */ = {isa = PBXFileReference; lastKnownFileType = sourcecode.swift; path = "LeaderboardView+Design.swift"; sourceTree = "<group>"; };
		653C2EF426625CBB008FB187 /* LeaderboardCell+Design.swift */ = {isa = PBXFileReference; lastKnownFileType = sourcecode.swift; path = "LeaderboardCell+Design.swift"; sourceTree = "<group>"; };
		653C2EF6266262B7008FB187 /* LeaderboardHeaderView.swift */ = {isa = PBXFileReference; lastKnownFileType = sourcecode.swift; path = LeaderboardHeaderView.swift; sourceTree = "<group>"; };
		653C2EFA266271BF008FB187 /* QuizResultViewController+Design.swift */ = {isa = PBXFileReference; lastKnownFileType = sourcecode.swift; path = "QuizResultViewController+Design.swift"; sourceTree = "<group>"; };
		653C2EFD26627561008FB187 /* LeaderboardProtocol.swift */ = {isa = PBXFileReference; lastKnownFileType = sourcecode.swift; path = LeaderboardProtocol.swift; sourceTree = "<group>"; };
		6549BD742651634D00B0A1F4 /* LeaderboardViewController.swift */ = {isa = PBXFileReference; lastKnownFileType = sourcecode.swift; path = LeaderboardViewController.swift; sourceTree = "<group>"; };
		6549BD782651741600B0A1F4 /* LeaderboardCell.swift */ = {isa = PBXFileReference; lastKnownFileType = sourcecode.swift; path = LeaderboardCell.swift; sourceTree = "<group>"; };
		6549BD7B2651837500B0A1F4 /* LeaderboardResult.swift */ = {isa = PBXFileReference; lastKnownFileType = sourcecode.swift; path = LeaderboardResult.swift; sourceTree = "<group>"; };
		6549BD7E265183CD00B0A1F4 /* LeaderboardPresenter.swift */ = {isa = PBXFileReference; lastKnownFileType = sourcecode.swift; path = LeaderboardPresenter.swift; sourceTree = "<group>"; };
		656729B326503E2C007414A8 /* NetworkingProtocol.swift */ = {isa = PBXFileReference; lastKnownFileType = sourcecode.swift; path = NetworkingProtocol.swift; sourceTree = "<group>"; };
		656729B626503E9F007414A8 /* RequestError.swift */ = {isa = PBXFileReference; lastKnownFileType = sourcecode.swift; path = RequestError.swift; sourceTree = "<group>"; };
		656729BA265040FE007414A8 /* LoginResponse.swift */ = {isa = PBXFileReference; lastKnownFileType = sourcecode.swift; path = LoginResponse.swift; sourceTree = "<group>"; };
		656729BD2650448A007414A8 /* Result.swift */ = {isa = PBXFileReference; lastKnownFileType = sourcecode.swift; path = Result.swift; sourceTree = "<group>"; };
		656729C026505284007414A8 /* QuizResponse.swift */ = {isa = PBXFileReference; lastKnownFileType = sourcecode.swift; path = QuizResponse.swift; sourceTree = "<group>"; };
		658A3EB52650686A00270041 /* LoginViewPresenter.swift */ = {isa = PBXFileReference; lastKnownFileType = sourcecode.swift; path = LoginViewPresenter.swift; sourceTree = "<group>"; };
		658A3EC02650704900270041 /* LoginViewProtocol.swift */ = {isa = PBXFileReference; lastKnownFileType = sourcecode.swift; path = LoginViewProtocol.swift; sourceTree = "<group>"; };
		658A3EC72650F64D00270041 /* QuizzesViewProtocol.swift */ = {isa = PBXFileReference; lastKnownFileType = sourcecode.swift; path = QuizzesViewProtocol.swift; sourceTree = "<group>"; };
		659872212625DA9400875B55 /* QuizApp.app */ = {isa = PBXFileReference; explicitFileType = wrapper.application; includeInIndex = 0; path = QuizApp.app; sourceTree = BUILT_PRODUCTS_DIR; };
		659872242625DA9400875B55 /* AppDelegate.swift */ = {isa = PBXFileReference; lastKnownFileType = sourcecode.swift; path = AppDelegate.swift; sourceTree = "<group>"; };
		659872262625DA9400875B55 /* SceneDelegate.swift */ = {isa = PBXFileReference; lastKnownFileType = sourcecode.swift; path = SceneDelegate.swift; sourceTree = "<group>"; };
		6598722D2625DA9600875B55 /* Assets.xcassets */ = {isa = PBXFileReference; lastKnownFileType = folder.assetcatalog; path = Assets.xcassets; sourceTree = "<group>"; };
		659872302625DA9600875B55 /* Base */ = {isa = PBXFileReference; lastKnownFileType = file.storyboard; name = Base; path = Base.lproj/LaunchScreen.storyboard; sourceTree = "<group>"; };
		659872322625DA9600875B55 /* Info.plist */ = {isa = PBXFileReference; lastKnownFileType = text.plist.xml; path = Info.plist; sourceTree = "<group>"; };
		65A5424426511DFA00081CCC /* SystemConfiguration.framework */ = {isa = PBXFileReference; lastKnownFileType = wrapper.framework; name = SystemConfiguration.framework; path = System/Library/Frameworks/SystemConfiguration.framework; sourceTree = SDKROOT; };
		65A5424C26513CE900081CCC /* QuizViewPresenter.swift */ = {isa = PBXFileReference; lastKnownFileType = sourcecode.swift; path = QuizViewPresenter.swift; sourceTree = "<group>"; };
		65A5425526513DFB00081CCC /* QuizViewProtocol.swift */ = {isa = PBXFileReference; lastKnownFileType = sourcecode.swift; path = QuizViewProtocol.swift; sourceTree = "<group>"; };
		65A54258265140C000081CCC /* TimePostError.swift */ = {isa = PBXFileReference; lastKnownFileType = sourcecode.swift; path = TimePostError.swift; sourceTree = "<group>"; };
		65CC9BB3264457BF00BDE095 /* QuizViewController.swift */ = {isa = PBXFileReference; lastKnownFileType = sourcecode.swift; path = QuizViewController.swift; sourceTree = "<group>"; };
		65CC9BB626455B1600BDE095 /* QuizResultViewController.swift */ = {isa = PBXFileReference; lastKnownFileType = sourcecode.swift; path = QuizResultViewController.swift; sourceTree = "<group>"; };
		65CC9BB92645669400BDE095 /* SettingsViewController.swift */ = {isa = PBXFileReference; lastKnownFileType = sourcecode.swift; path = SettingsViewController.swift; sourceTree = "<group>"; };
		65CC9BBD2645D0CA00BDE095 /* AppRouter.swift */ = {isa = PBXFileReference; lastKnownFileType = sourcecode.swift; path = AppRouter.swift; sourceTree = "<group>"; };
		65CC9BC02645D0ED00BDE095 /* AppRouterProtocol.swift */ = {isa = PBXFileReference; lastKnownFileType = sourcecode.swift; path = AppRouterProtocol.swift; sourceTree = "<group>"; };
		65F35AC22663F46C00F7EBBB /* Quiz+CD.swift */ = {isa = PBXFileReference; lastKnownFileType = sourcecode.swift; path = "Quiz+CD.swift"; sourceTree = "<group>"; };
		65F35AC42663F60000F7EBBB /* Question+CD.swift */ = {isa = PBXFileReference; lastKnownFileType = sourcecode.swift; path = "Question+CD.swift"; sourceTree = "<group>"; };
		65F35AC72663F8F100F7EBBB /* QuizAppModel.xcdatamodel */ = {isa = PBXFileReference; lastKnownFileType = wrapper.xcdatamodel; path = QuizAppModel.xcdatamodel; sourceTree = "<group>"; };
		7491A5F30C7056824A0C20B7 /* Pods-QuizApp.release.xcconfig */ = {isa = PBXFileReference; includeInIndex = 1; lastKnownFileType = text.xcconfig; name = "Pods-QuizApp.release.xcconfig"; path = "Target Support Files/Pods-QuizApp/Pods-QuizApp.release.xcconfig"; sourceTree = "<group>"; };
		849440B3D9D66BFE866E5349 /* Pods-QuizApp.debug.xcconfig */ = {isa = PBXFileReference; includeInIndex = 1; lastKnownFileType = text.xcconfig; name = "Pods-QuizApp.debug.xcconfig"; path = "Target Support Files/Pods-QuizApp/Pods-QuizApp.debug.xcconfig"; sourceTree = "<group>"; };
/* End PBXFileReference section */

/* Begin PBXFrameworksBuildPhase section */
		6598721E2625DA9400875B55 /* Frameworks */ = {
			isa = PBXFrameworksBuildPhase;
			buildActionMask = 2147483647;
			files = (
				65A5424526511DFA00081CCC /* SystemConfiguration.framework in Frameworks */,
				65A542492651201E00081CCC /* Reachability in Frameworks */,
				EBFEF0ED2C13D8EC5F87A863 /* Pods_QuizApp.framework in Frameworks */,
			);
			runOnlyForDeploymentPostprocessing = 0;
		};
/* End PBXFrameworksBuildPhase section */

/* Begin PBXGroup section */
		1DB6EFF1451F5E611ED81E26 /* Pods */ = {
			isa = PBXGroup;
			children = (
				849440B3D9D66BFE866E5349 /* Pods-QuizApp.debug.xcconfig */,
				7491A5F30C7056824A0C20B7 /* Pods-QuizApp.release.xcconfig */,
			);
			path = Pods;
			sourceTree = "<group>";
		};
		652004DC26642DBA002C7CA7 /* CoreDataSource */ = {
			isa = PBXGroup;
			children = (
				652004DD26642DC8002C7CA7 /* ManagedObjects */,
				652004EE26650A8A002C7CA7 /* QuizCoreDataSource.swift */,
				652004F026650AB5002C7CA7 /* QuizCoreDataSourceProtocol.swift */,
				65F35AC62663F8F100F7EBBB /* QuizAppModel.xcdatamodeld */,
				652004E026642E53002C7CA7 /* CoreDataStack.swift */,
			);
			path = CoreDataSource;
			sourceTree = "<group>";
		};
		652004DD26642DC8002C7CA7 /* ManagedObjects */ = {
			isa = PBXGroup;
			children = (
				651112EA266E1CFC00C7AB2F /* CDQuestion+CoreDataClass.swift */,
				651112E9266E1CFC00C7AB2F /* CDQuiz+CoreDataProperties.swift */,
				651112E8266E1CFC00C7AB2F /* CDQuiz+CoreDataClass.swift */,
				651112E7266E1CFC00C7AB2F /* CDQuestion+CoreDataProperties.swift */,
			);
			path = ManagedObjects;
			sourceTree = "<group>";
		};
		652004E226643139002C7CA7 /* Repository */ = {
			isa = PBXGroup;
			children = (
				652004E526643248002C7CA7 /* QuizDataRepository.swift */,
				652004E72664325D002C7CA7 /* QuizRepositoryProtocol.swift */,
			);
			path = Repository;
			sourceTree = "<group>";
		};
		652004ED2665095D002C7CA7 /* NetworkDataSource */ = {
			isa = PBXGroup;
			children = (
				652004F226650B14002C7CA7 /* NetworkDataSource.swift */,
				652004F426650B21002C7CA7 /* NetworkDataSourceProtocol.swift */,
			);
			path = NetworkDataSource;
			sourceTree = "<group>";
		};
		652004F626650B2D002C7CA7 /* Networking */ = {
			isa = PBXGroup;
			children = (
				6539829526501F51005392BB /* NetworkService.swift */,
				656729B326503E2C007414A8 /* NetworkingProtocol.swift */,
			);
			path = Networking;
			sourceTree = "<group>";
		};
		652004F826659674002C7CA7 /* SearchView */ = {
			isa = PBXGroup;
			children = (
				652004F926659681002C7CA7 /* SearchViewController.swift */,
				652004FF2665B247002C7CA7 /* SearchViewProtocol.swift */,
				652004FB266596AB002C7CA7 /* SearchViewController+Design.swift */,
			);
			path = SearchView;
			sourceTree = "<group>";
		};
		653C2EE626622CB6008FB187 /* LoginView */ = {
			isa = PBXGroup;
			children = (
				6516736026273787004B5D3F /* LoginViewController.swift */,
				653C2EE726622CDA008FB187 /* LoginViewController+Design.swift */,
				658A3EC02650704900270041 /* LoginViewProtocol.swift */,
			);
			path = LoginView;
			sourceTree = "<group>";
		};
		653C2EE92662303E008FB187 /* QuizzesView */ = {
			isa = PBXGroup;
			children = (
				6516737626276E6A004B5D3F /* QuizzesViewController.swift */,
				653C2EEA266230D7008FB187 /* QuizzesViewController+Design.swift */,
				658A3EC72650F64D00270041 /* QuizzesViewProtocol.swift */,
				6538D3272630C19500C51F6A /* TableViewCell.swift */,
				653C2EEC266254D7008FB187 /* TableViewCell+Design.swift */,
			);
			path = QuizzesView;
			sourceTree = "<group>";
		};
		653C2EEE266257CB008FB187 /* SettingsView */ = {
			isa = PBXGroup;
			children = (
				65CC9BB92645669400BDE095 /* SettingsViewController.swift */,
				653C2EEF266257F1008FB187 /* SettingsView+Design.swift */,
			);
			path = SettingsView;
			sourceTree = "<group>";
		};
		653C2EF12662585F008FB187 /* LeaderboardView */ = {
			isa = PBXGroup;
			children = (
				6549BD742651634D00B0A1F4 /* LeaderboardViewController.swift */,
				653C2EF2266258AC008FB187 /* LeaderboardView+Design.swift */,
				653C2EFD26627561008FB187 /* LeaderboardProtocol.swift */,
				6549BD782651741600B0A1F4 /* LeaderboardCell.swift */,
				653C2EF426625CBB008FB187 /* LeaderboardCell+Design.swift */,
				653C2EF6266262B7008FB187 /* LeaderboardHeaderView.swift */,
			);
			path = LeaderboardView;
			sourceTree = "<group>";
		};
		653C2EF92662719D008FB187 /* QuizResultView */ = {
			isa = PBXGroup;
			children = (
				65CC9BB626455B1600BDE095 /* QuizResultViewController.swift */,
				653C2EFA266271BF008FB187 /* QuizResultViewController+Design.swift */,
			);
			path = QuizResultView;
			sourceTree = "<group>";
		};
		653C2EFC26627246008FB187 /* QuizView */ = {
			isa = PBXGroup;
			children = (
				65CC9BB3264457BF00BDE095 /* QuizViewController.swift */,
				65A5425526513DFB00081CCC /* QuizViewProtocol.swift */,
			);
			path = QuizView;
			sourceTree = "<group>";
		};
		658A3EB1265066DD00270041 /* Model */ = {
			isa = PBXGroup;
			children = (
				6516736A26273960004B5D3F /* Quiz.swift */,
				65F35AC22663F46C00F7EBBB /* Quiz+CD.swift */,
				6516736C26273961004B5D3F /* Question.swift */,
				65F35AC42663F60000F7EBBB /* Question+CD.swift */,
				6516736D26273961004B5D3F /* QuizCategory.swift */,
				65A54258265140C000081CCC /* TimePostError.swift */,
				656729B626503E9F007414A8 /* RequestError.swift */,
				6516736B26273960004B5D3F /* LoginStatus.swift */,
				656729BA265040FE007414A8 /* LoginResponse.swift */,
				656729C026505284007414A8 /* QuizResponse.swift */,
				6549BD7B2651837500B0A1F4 /* LeaderboardResult.swift */,
				656729BD2650448A007414A8 /* Result.swift */,
			);
			path = Model;
			sourceTree = "<group>";
		};
		658A3EB3265066E900270041 /* View */ = {
			isa = PBXGroup;
			children = (
				653C2EE626622CB6008FB187 /* LoginView */,
				653C2EE92662303E008FB187 /* QuizzesView */,
				653C2EFC26627246008FB187 /* QuizView */,
				653C2EF12662585F008FB187 /* LeaderboardView */,
				653C2EF92662719D008FB187 /* QuizResultView */,
				652004F826659674002C7CA7 /* SearchView */,
				653C2EEE266257CB008FB187 /* SettingsView */,
				6538D356263199D000C51F6A /* PopUp.swift */,
			);
			path = View;
			sourceTree = "<group>";
		};
		658A3EB4265066EF00270041 /* Presenter */ = {
			isa = PBXGroup;
			children = (
				658A3EB52650686A00270041 /* LoginViewPresenter.swift */,
				651112EF266E1D6F00C7AB2F /* QuizzesViewPresenter.swift */,
				65A5424C26513CE900081CCC /* QuizViewPresenter.swift */,
				6549BD7E265183CD00B0A1F4 /* LeaderboardPresenter.swift */,
				652004FD2665978F002C7CA7 /* SearchViewPresenter.swift */,
				65F35AC126629AE300F7EBBB /* Coordinators */,
			);
			path = Presenter;
			sourceTree = "<group>";
		};
		658A3EB826506AEE00270041 /* Data Source */ = {
			isa = PBXGroup;
			children = (
				652004DC26642DBA002C7CA7 /* CoreDataSource */,
				652004ED2665095D002C7CA7 /* NetworkDataSource */,
				652004E226643139002C7CA7 /* Repository */,
			);
			path = "Data Source";
			sourceTree = "<group>";
		};
		659872182625DA9400875B55 = {
			isa = PBXGroup;
			children = (
				659872232625DA9400875B55 /* QuizApp */,
				65F35AC026629AB400F7EBBB /* Supporting files */,
				659872222625DA9400875B55 /* Products */,
				1DB6EFF1451F5E611ED81E26 /* Pods */,
				8AA884892BCD70E5FA342738 /* Frameworks */,
			);
			sourceTree = "<group>";
		};
		659872222625DA9400875B55 /* Products */ = {
			isa = PBXGroup;
			children = (
				659872212625DA9400875B55 /* QuizApp.app */,
			);
			name = Products;
			sourceTree = "<group>";
		};
		659872232625DA9400875B55 /* QuizApp */ = {
			isa = PBXGroup;
			children = (
				658A3EB3265066E900270041 /* View */,
				658A3EB4265066EF00270041 /* Presenter */,
				658A3EB1265066DD00270041 /* Model */,
				658A3EB826506AEE00270041 /* Data Source */,
				652004F626650B2D002C7CA7 /* Networking */,
				659872322625DA9600875B55 /* Info.plist */,
			);
			path = QuizApp;
			sourceTree = "<group>";
		};
		65F35AC026629AB400F7EBBB /* Supporting files */ = {
			isa = PBXGroup;
			children = (
				659872242625DA9400875B55 /* AppDelegate.swift */,
				659872262625DA9400875B55 /* SceneDelegate.swift */,
				6598722D2625DA9600875B55 /* Assets.xcassets */,
				6598722F2625DA9600875B55 /* LaunchScreen.storyboard */,
			);
			path = "Supporting files";
			sourceTree = "<group>";
		};
		65F35AC126629AE300F7EBBB /* Coordinators */ = {
			isa = PBXGroup;
			children = (
				65CC9BC02645D0ED00BDE095 /* AppRouterProtocol.swift */,
				65CC9BBD2645D0CA00BDE095 /* AppRouter.swift */,
			);
			path = Coordinators;
			sourceTree = "<group>";
		};
		8AA884892BCD70E5FA342738 /* Frameworks */ = {
			isa = PBXGroup;
			children = (
				65A5424426511DFA00081CCC /* SystemConfiguration.framework */,
				08BD60EFD01E332E8880E3AB /* Pods_QuizApp.framework */,
			);
			name = Frameworks;
			sourceTree = "<group>";
		};
/* End PBXGroup section */

/* Begin PBXNativeTarget section */
		659872202625DA9400875B55 /* QuizApp */ = {
			isa = PBXNativeTarget;
			buildConfigurationList = 659872352625DA9600875B55 /* Build configuration list for PBXNativeTarget "QuizApp" */;
			buildPhases = (
				C5C069D76A1DEB7FAA60F2AE /* [CP] Check Pods Manifest.lock */,
				6598721D2625DA9400875B55 /* Sources */,
				6598721E2625DA9400875B55 /* Frameworks */,
				6598721F2625DA9400875B55 /* Resources */,
				EA704E0A547F912836178CEE /* [CP] Embed Pods Frameworks */,
			);
			buildRules = (
			);
			dependencies = (
			);
			name = QuizApp;
			packageProductDependencies = (
				65A542482651201E00081CCC /* Reachability */,
			);
			productName = QuizApp;
			productReference = 659872212625DA9400875B55 /* QuizApp.app */;
			productType = "com.apple.product-type.application";
		};
/* End PBXNativeTarget section */

/* Begin PBXProject section */
		659872192625DA9400875B55 /* Project object */ = {
			isa = PBXProject;
			attributes = {
				LastSwiftUpdateCheck = 1240;
				LastUpgradeCheck = 1240;
				TargetAttributes = {
					659872202625DA9400875B55 = {
						CreatedOnToolsVersion = 12.4;
					};
				};
			};
			buildConfigurationList = 6598721C2625DA9400875B55 /* Build configuration list for PBXProject "QuizApp" */;
			compatibilityVersion = "Xcode 9.3";
			developmentRegion = en;
			hasScannedForEncodings = 0;
			knownRegions = (
				en,
				Base,
			);
			mainGroup = 659872182625DA9400875B55;
			packageReferences = (
				65A542472651201E00081CCC /* XCRemoteSwiftPackageReference "Reachability" */,
			);
			productRefGroup = 659872222625DA9400875B55 /* Products */;
			projectDirPath = "";
			projectRoot = "";
			targets = (
				659872202625DA9400875B55 /* QuizApp */,
			);
		};
/* End PBXProject section */

/* Begin PBXResourcesBuildPhase section */
		6598721F2625DA9400875B55 /* Resources */ = {
			isa = PBXResourcesBuildPhase;
			buildActionMask = 2147483647;
			files = (
				659872312625DA9600875B55 /* LaunchScreen.storyboard in Resources */,
				6598722E2625DA9600875B55 /* Assets.xcassets in Resources */,
			);
			runOnlyForDeploymentPostprocessing = 0;
		};
/* End PBXResourcesBuildPhase section */

/* Begin PBXShellScriptBuildPhase section */
		C5C069D76A1DEB7FAA60F2AE /* [CP] Check Pods Manifest.lock */ = {
			isa = PBXShellScriptBuildPhase;
			buildActionMask = 2147483647;
			files = (
			);
			inputFileListPaths = (
			);
			inputPaths = (
				"${PODS_PODFILE_DIR_PATH}/Podfile.lock",
				"${PODS_ROOT}/Manifest.lock",
			);
			name = "[CP] Check Pods Manifest.lock";
			outputFileListPaths = (
			);
			outputPaths = (
				"$(DERIVED_FILE_DIR)/Pods-QuizApp-checkManifestLockResult.txt",
			);
			runOnlyForDeploymentPostprocessing = 0;
			shellPath = /bin/sh;
			shellScript = "diff \"${PODS_PODFILE_DIR_PATH}/Podfile.lock\" \"${PODS_ROOT}/Manifest.lock\" > /dev/null\nif [ $? != 0 ] ; then\n    # print error to STDERR\n    echo \"error: The sandbox is not in sync with the Podfile.lock. Run 'pod install' or update your CocoaPods installation.\" >&2\n    exit 1\nfi\n# This output is used by Xcode 'outputs' to avoid re-running this script phase.\necho \"SUCCESS\" > \"${SCRIPT_OUTPUT_FILE_0}\"\n";
			showEnvVarsInLog = 0;
		};
		EA704E0A547F912836178CEE /* [CP] Embed Pods Frameworks */ = {
			isa = PBXShellScriptBuildPhase;
			buildActionMask = 2147483647;
			files = (
			);
			inputFileListPaths = (
				"${PODS_ROOT}/Target Support Files/Pods-QuizApp/Pods-QuizApp-frameworks-${CONFIGURATION}-input-files.xcfilelist",
			);
			name = "[CP] Embed Pods Frameworks";
			outputFileListPaths = (
				"${PODS_ROOT}/Target Support Files/Pods-QuizApp/Pods-QuizApp-frameworks-${CONFIGURATION}-output-files.xcfilelist",
			);
			runOnlyForDeploymentPostprocessing = 0;
			shellPath = /bin/sh;
			shellScript = "\"${PODS_ROOT}/Target Support Files/Pods-QuizApp/Pods-QuizApp-frameworks.sh\"\n";
			showEnvVarsInLog = 0;
		};
/* End PBXShellScriptBuildPhase section */

/* Begin PBXSourcesBuildPhase section */
		6598721D2625DA9400875B55 /* Sources */ = {
			isa = PBXSourcesBuildPhase;
			buildActionMask = 2147483647;
			files = (
				6516737026273961004B5D3F /* Question.swift in Sources */,
				65A5425626513DFB00081CCC /* QuizViewProtocol.swift in Sources */,
				656729C126505284007414A8 /* QuizResponse.swift in Sources */,
				652004F126650AB5002C7CA7 /* QuizCoreDataSourceProtocol.swift in Sources */,
				6516736E26273961004B5D3F /* LoginStatus.swift in Sources */,
				6516736F26273961004B5D3F /* Quiz.swift in Sources */,
				653C2EF3266258AC008FB187 /* LeaderboardView+Design.swift in Sources */,
				653C2EF0266257F1008FB187 /* SettingsView+Design.swift in Sources */,
				652004E126642E53002C7CA7 /* CoreDataStack.swift in Sources */,
				6549BD7C2651837500B0A1F4 /* LeaderboardResult.swift in Sources */,
				65F35AC52663F60000F7EBBB /* Question+CD.swift in Sources */,
				656729B426503E2C007414A8 /* NetworkingProtocol.swift in Sources */,
				652004F326650B14002C7CA7 /* NetworkDataSource.swift in Sources */,
				6516737726276E6B004B5D3F /* QuizzesViewController.swift in Sources */,
				652004F526650B21002C7CA7 /* NetworkDataSourceProtocol.swift in Sources */,
				6516736126273787004B5D3F /* LoginViewController.swift in Sources */,
				65F35AC82663F8F100F7EBBB /* QuizAppModel.xcdatamodeld in Sources */,
				653C2EEB266230D7008FB187 /* QuizzesViewController+Design.swift in Sources */,
				65CC9BB726455B1600BDE095 /* QuizResultViewController.swift in Sources */,
				651112EE266E1CFD00C7AB2F /* CDQuestion+CoreDataClass.swift in Sources */,
				653C2EED266254D7008FB187 /* TableViewCell+Design.swift in Sources */,
				653C2EFE26627561008FB187 /* LeaderboardProtocol.swift in Sources */,
				653C2EE826622CDA008FB187 /* LoginViewController+Design.swift in Sources */,
				6549BD7F265183CD00B0A1F4 /* LeaderboardPresenter.swift in Sources */,
				6549BD792651741600B0A1F4 /* LeaderboardCell.swift in Sources */,
				652004FC266596AB002C7CA7 /* SearchViewController+Design.swift in Sources */,
				658A3EC12650704900270041 /* LoginViewProtocol.swift in Sources */,
				6538D3282630C19500C51F6A /* TableViewCell.swift in Sources */,
				653C2EFB266271BF008FB187 /* QuizResultViewController+Design.swift in Sources */,
				65CC9BBA2645669400BDE095 /* SettingsViewController.swift in Sources */,
				6516737126273961004B5D3F /* QuizCategory.swift in Sources */,
				651112ED266E1CFD00C7AB2F /* CDQuiz+CoreDataProperties.swift in Sources */,
				653C2EF7266262B7008FB187 /* LeaderboardHeaderView.swift in Sources */,
				65CC9BB4264457BF00BDE095 /* QuizViewController.swift in Sources */,
				652004FE2665978F002C7CA7 /* SearchViewPresenter.swift in Sources */,
				6539829626501F51005392BB /* NetworkService.swift in Sources */,
				652004E626643248002C7CA7 /* QuizDataRepository.swift in Sources */,
				65CC9BC12645D0ED00BDE095 /* AppRouterProtocol.swift in Sources */,
				65A54259265140C000081CCC /* TimePostError.swift in Sources */,
				656729BB265040FE007414A8 /* LoginResponse.swift in Sources */,
				658A3EC82650F64D00270041 /* QuizzesViewProtocol.swift in Sources */,
				65A5424D26513CE900081CCC /* QuizViewPresenter.swift in Sources */,
				6549BD752651634D00B0A1F4 /* LeaderboardViewController.swift in Sources */,
				658A3EB62650686A00270041 /* LoginViewPresenter.swift in Sources */,
				652004EF26650A8A002C7CA7 /* QuizCoreDataSource.swift in Sources */,
				651112F0266E1D6F00C7AB2F /* QuizzesViewPresenter.swift in Sources */,
				652005002665B248002C7CA7 /* SearchViewProtocol.swift in Sources */,
				659872252625DA9400875B55 /* AppDelegate.swift in Sources */,
				656729B726503E9F007414A8 /* RequestError.swift in Sources */,
				652004E82664325D002C7CA7 /* QuizRepositoryProtocol.swift in Sources */,
				651112EB266E1CFD00C7AB2F /* CDQuestion+CoreDataProperties.swift in Sources */,
				653C2EF526625CBB008FB187 /* LeaderboardCell+Design.swift in Sources */,
				65CC9BBE2645D0CA00BDE095 /* AppRouter.swift in Sources */,
				651112EC266E1CFD00C7AB2F /* CDQuiz+CoreDataClass.swift in Sources */,
				652004FA26659682002C7CA7 /* SearchViewController.swift in Sources */,
				656729BE2650448A007414A8 /* Result.swift in Sources */,
				659872272625DA9400875B55 /* SceneDelegate.swift in Sources */,
				6538D357263199D000C51F6A /* PopUp.swift in Sources */,
				65F35AC32663F46C00F7EBBB /* Quiz+CD.swift in Sources */,
			);
			runOnlyForDeploymentPostprocessing = 0;
		};
/* End PBXSourcesBuildPhase section */

/* Begin PBXVariantGroup section */
		6598722F2625DA9600875B55 /* LaunchScreen.storyboard */ = {
			isa = PBXVariantGroup;
			children = (
				659872302625DA9600875B55 /* Base */,
			);
			name = LaunchScreen.storyboard;
			sourceTree = "<group>";
		};
/* End PBXVariantGroup section */

/* Begin XCBuildConfiguration section */
		659872332625DA9600875B55 /* Debug */ = {
			isa = XCBuildConfiguration;
			buildSettings = {
				ALWAYS_SEARCH_USER_PATHS = NO;
				CLANG_ANALYZER_NONNULL = YES;
				CLANG_ANALYZER_NUMBER_OBJECT_CONVERSION = YES_AGGRESSIVE;
				CLANG_CXX_LANGUAGE_STANDARD = "gnu++14";
				CLANG_CXX_LIBRARY = "libc++";
				CLANG_ENABLE_MODULES = YES;
				CLANG_ENABLE_OBJC_ARC = YES;
				CLANG_ENABLE_OBJC_WEAK = YES;
				CLANG_WARN_BLOCK_CAPTURE_AUTORELEASING = YES;
				CLANG_WARN_BOOL_CONVERSION = YES;
				CLANG_WARN_COMMA = YES;
				CLANG_WARN_CONSTANT_CONVERSION = YES;
				CLANG_WARN_DEPRECATED_OBJC_IMPLEMENTATIONS = YES;
				CLANG_WARN_DIRECT_OBJC_ISA_USAGE = YES_ERROR;
				CLANG_WARN_DOCUMENTATION_COMMENTS = YES;
				CLANG_WARN_EMPTY_BODY = YES;
				CLANG_WARN_ENUM_CONVERSION = YES;
				CLANG_WARN_INFINITE_RECURSION = YES;
				CLANG_WARN_INT_CONVERSION = YES;
				CLANG_WARN_NON_LITERAL_NULL_CONVERSION = YES;
				CLANG_WARN_OBJC_IMPLICIT_RETAIN_SELF = YES;
				CLANG_WARN_OBJC_LITERAL_CONVERSION = YES;
				CLANG_WARN_OBJC_ROOT_CLASS = YES_ERROR;
				CLANG_WARN_QUOTED_INCLUDE_IN_FRAMEWORK_HEADER = YES;
				CLANG_WARN_RANGE_LOOP_ANALYSIS = YES;
				CLANG_WARN_STRICT_PROTOTYPES = YES;
				CLANG_WARN_SUSPICIOUS_MOVE = YES;
				CLANG_WARN_UNGUARDED_AVAILABILITY = YES_AGGRESSIVE;
				CLANG_WARN_UNREACHABLE_CODE = YES;
				CLANG_WARN__DUPLICATE_METHOD_MATCH = YES;
				COPY_PHASE_STRIP = NO;
				DEBUG_INFORMATION_FORMAT = dwarf;
				ENABLE_STRICT_OBJC_MSGSEND = YES;
				ENABLE_TESTABILITY = YES;
				GCC_C_LANGUAGE_STANDARD = gnu11;
				GCC_DYNAMIC_NO_PIC = NO;
				GCC_NO_COMMON_BLOCKS = YES;
				GCC_OPTIMIZATION_LEVEL = 0;
				GCC_PREPROCESSOR_DEFINITIONS = (
					"DEBUG=1",
					"$(inherited)",
				);
				GCC_WARN_64_TO_32_BIT_CONVERSION = YES;
				GCC_WARN_ABOUT_RETURN_TYPE = YES_ERROR;
				GCC_WARN_UNDECLARED_SELECTOR = YES;
				GCC_WARN_UNINITIALIZED_AUTOS = YES_AGGRESSIVE;
				GCC_WARN_UNUSED_FUNCTION = YES;
				GCC_WARN_UNUSED_VARIABLE = YES;
				IPHONEOS_DEPLOYMENT_TARGET = 14.4;
				MTL_ENABLE_DEBUG_INFO = INCLUDE_SOURCE;
				MTL_FAST_MATH = YES;
				ONLY_ACTIVE_ARCH = YES;
				SDKROOT = iphoneos;
				SWIFT_ACTIVE_COMPILATION_CONDITIONS = DEBUG;
				SWIFT_OPTIMIZATION_LEVEL = "-Onone";
			};
			name = Debug;
		};
		659872342625DA9600875B55 /* Release */ = {
			isa = XCBuildConfiguration;
			buildSettings = {
				ALWAYS_SEARCH_USER_PATHS = NO;
				CLANG_ANALYZER_NONNULL = YES;
				CLANG_ANALYZER_NUMBER_OBJECT_CONVERSION = YES_AGGRESSIVE;
				CLANG_CXX_LANGUAGE_STANDARD = "gnu++14";
				CLANG_CXX_LIBRARY = "libc++";
				CLANG_ENABLE_MODULES = YES;
				CLANG_ENABLE_OBJC_ARC = YES;
				CLANG_ENABLE_OBJC_WEAK = YES;
				CLANG_WARN_BLOCK_CAPTURE_AUTORELEASING = YES;
				CLANG_WARN_BOOL_CONVERSION = YES;
				CLANG_WARN_COMMA = YES;
				CLANG_WARN_CONSTANT_CONVERSION = YES;
				CLANG_WARN_DEPRECATED_OBJC_IMPLEMENTATIONS = YES;
				CLANG_WARN_DIRECT_OBJC_ISA_USAGE = YES_ERROR;
				CLANG_WARN_DOCUMENTATION_COMMENTS = YES;
				CLANG_WARN_EMPTY_BODY = YES;
				CLANG_WARN_ENUM_CONVERSION = YES;
				CLANG_WARN_INFINITE_RECURSION = YES;
				CLANG_WARN_INT_CONVERSION = YES;
				CLANG_WARN_NON_LITERAL_NULL_CONVERSION = YES;
				CLANG_WARN_OBJC_IMPLICIT_RETAIN_SELF = YES;
				CLANG_WARN_OBJC_LITERAL_CONVERSION = YES;
				CLANG_WARN_OBJC_ROOT_CLASS = YES_ERROR;
				CLANG_WARN_QUOTED_INCLUDE_IN_FRAMEWORK_HEADER = YES;
				CLANG_WARN_RANGE_LOOP_ANALYSIS = YES;
				CLANG_WARN_STRICT_PROTOTYPES = YES;
				CLANG_WARN_SUSPICIOUS_MOVE = YES;
				CLANG_WARN_UNGUARDED_AVAILABILITY = YES_AGGRESSIVE;
				CLANG_WARN_UNREACHABLE_CODE = YES;
				CLANG_WARN__DUPLICATE_METHOD_MATCH = YES;
				COPY_PHASE_STRIP = NO;
				DEBUG_INFORMATION_FORMAT = "dwarf-with-dsym";
				ENABLE_NS_ASSERTIONS = NO;
				ENABLE_STRICT_OBJC_MSGSEND = YES;
				GCC_C_LANGUAGE_STANDARD = gnu11;
				GCC_NO_COMMON_BLOCKS = YES;
				GCC_WARN_64_TO_32_BIT_CONVERSION = YES;
				GCC_WARN_ABOUT_RETURN_TYPE = YES_ERROR;
				GCC_WARN_UNDECLARED_SELECTOR = YES;
				GCC_WARN_UNINITIALIZED_AUTOS = YES_AGGRESSIVE;
				GCC_WARN_UNUSED_FUNCTION = YES;
				GCC_WARN_UNUSED_VARIABLE = YES;
				IPHONEOS_DEPLOYMENT_TARGET = 14.4;
				MTL_ENABLE_DEBUG_INFO = NO;
				MTL_FAST_MATH = YES;
				SDKROOT = iphoneos;
				SWIFT_COMPILATION_MODE = wholemodule;
				SWIFT_OPTIMIZATION_LEVEL = "-O";
				VALIDATE_PRODUCT = YES;
			};
			name = Release;
		};
		659872362625DA9600875B55 /* Debug */ = {
			isa = XCBuildConfiguration;
			baseConfigurationReference = 849440B3D9D66BFE866E5349 /* Pods-QuizApp.debug.xcconfig */;
			buildSettings = {
				ASSETCATALOG_COMPILER_APPICON_NAME = AppIcon;
				ASSETCATALOG_COMPILER_GLOBAL_ACCENT_COLOR_NAME = AccentColor;
				CODE_SIGN_STYLE = Automatic;
				DEVELOPMENT_TEAM = C7L62PRT2R;
				INFOPLIST_FILE = QuizApp/Info.plist;
				LD_RUNPATH_SEARCH_PATHS = (
					"$(inherited)",
					"@executable_path/Frameworks",
				);
				PRODUCT_BUNDLE_IDENTIFIER = com.antoniomarkotic.QuizApp;
				PRODUCT_NAME = "$(TARGET_NAME)";
				SWIFT_VERSION = 5.0;
				TARGETED_DEVICE_FAMILY = "1,2";
			};
			name = Debug;
		};
		659872372625DA9600875B55 /* Release */ = {
			isa = XCBuildConfiguration;
			baseConfigurationReference = 7491A5F30C7056824A0C20B7 /* Pods-QuizApp.release.xcconfig */;
			buildSettings = {
				ASSETCATALOG_COMPILER_APPICON_NAME = AppIcon;
				ASSETCATALOG_COMPILER_GLOBAL_ACCENT_COLOR_NAME = AccentColor;
				CODE_SIGN_STYLE = Automatic;
				DEVELOPMENT_TEAM = C7L62PRT2R;
				INFOPLIST_FILE = QuizApp/Info.plist;
				LD_RUNPATH_SEARCH_PATHS = (
					"$(inherited)",
					"@executable_path/Frameworks",
				);
				PRODUCT_BUNDLE_IDENTIFIER = com.antoniomarkotic.QuizApp;
				PRODUCT_NAME = "$(TARGET_NAME)";
				SWIFT_VERSION = 5.0;
				TARGETED_DEVICE_FAMILY = "1,2";
			};
			name = Release;
		};
/* End XCBuildConfiguration section */

/* Begin XCConfigurationList section */
		6598721C2625DA9400875B55 /* Build configuration list for PBXProject "QuizApp" */ = {
			isa = XCConfigurationList;
			buildConfigurations = (
				659872332625DA9600875B55 /* Debug */,
				659872342625DA9600875B55 /* Release */,
			);
			defaultConfigurationIsVisible = 0;
			defaultConfigurationName = Release;
		};
		659872352625DA9600875B55 /* Build configuration list for PBXNativeTarget "QuizApp" */ = {
			isa = XCConfigurationList;
			buildConfigurations = (
				659872362625DA9600875B55 /* Debug */,
				659872372625DA9600875B55 /* Release */,
			);
			defaultConfigurationIsVisible = 0;
			defaultConfigurationName = Release;
		};
/* End XCConfigurationList section */

/* Begin XCRemoteSwiftPackageReference section */
		65A542472651201E00081CCC /* XCRemoteSwiftPackageReference "Reachability" */ = {
			isa = XCRemoteSwiftPackageReference;
			repositoryURL = "https://github.com/ashleymills/Reachability.swift";
			requirement = {
				kind = upToNextMajorVersion;
				minimumVersion = 5.1.0;
			};
		};
/* End XCRemoteSwiftPackageReference section */

/* Begin XCSwiftPackageProductDependency section */
		65A542482651201E00081CCC /* Reachability */ = {
			isa = XCSwiftPackageProductDependency;
			package = 65A542472651201E00081CCC /* XCRemoteSwiftPackageReference "Reachability" */;
			productName = Reachability;
		};
/* End XCSwiftPackageProductDependency section */

/* Begin XCVersionGroup section */
		65F35AC62663F8F100F7EBBB /* QuizAppModel.xcdatamodeld */ = {
			isa = XCVersionGroup;
			children = (
				652004F72665597E002C7CA7 /* QuizAppModel 2.xcdatamodel */,
				65F35AC72663F8F100F7EBBB /* QuizAppModel.xcdatamodel */,
			);
			currentVersion = 65F35AC72663F8F100F7EBBB /* QuizAppModel.xcdatamodel */;
			path = QuizAppModel.xcdatamodeld;
			sourceTree = "<group>";
			versionGroupType = wrapper.xcdatamodel;
		};
/* End XCVersionGroup section */
	};
	rootObject = 659872192625DA9400875B55 /* Project object */;
}
